
Microsoft Visual Studio Solution File, Format Version 12.00
# Visual Studio Version 16
VisualStudioVersion = 16.0.31205.134
MinimumVisualStudioVersion = 10.0.40219.1
Project("{FAE04EC0-301F-11D3-BF4B-00C04F79EFBC}") = "MAD.XamarinForms.Mvvm", "MAD.XamarinForms.Mvvm\MAD.XamarinForms.Mvvm.csproj", "{D38DF9A0-67B4-46FB-A5F6-87571BDC7C87}"
EndProject
Project("{2150E333-8FDC-42A3-9474-1A3956D46DE8}") = "Tests", "Tests", "{19438041-400C-4CDD-9721-5E4556E3C6FE}"
EndProject
Project("{FAE04EC0-301F-11D3-BF4B-00C04F79EFBC}") = "MAD.XamarinForms.Mvvm.TestApp.UWP", "MAD.XamarinForms.Mvvm.TestApp\MAD.XamarinForms.Mvvm.TestApp.UWP\MAD.XamarinForms.Mvvm.TestApp.UWP.csproj", "{3822163A-5FBA-40FE-B9B7-8D1EA7FB417A}"
EndProject
Project("{FAE04EC0-301F-11D3-BF4B-00C04F79EFBC}") = "MAD.XamarinForms.Mvvm.TestApp.Android", "MAD.XamarinForms.Mvvm.TestApp\MAD.XamarinForms.Mvvm.TestApp.Android\MAD.XamarinForms.Mvvm.TestApp.Android.csproj", "{A9E845C9-D94E-47CC-8231-B81AD0552A7D}"
EndProject
Project("{FAE04EC0-301F-11D3-BF4B-00C04F79EFBC}") = "MAD.XamarinForms.Mvvm.TestApp.iOS", "MAD.XamarinForms.Mvvm.TestApp\MAD.XamarinForms.Mvvm.TestApp.iOS\MAD.XamarinForms.Mvvm.TestApp.iOS.csproj", "{28A41919-A2A0-4447-944C-3FA30A37B6F2}"
EndProject
Project("{FAE04EC0-301F-11D3-BF4B-00C04F79EFBC}") = "MAD.XamarinForms.Mvvm.TestApp", "MAD.XamarinForms.Mvvm.TestApp\MAD.XamarinForms.Mvvm.TestApp\MAD.XamarinForms.Mvvm.TestApp.csproj", "{00E0F10D-0AEC-4729-8615-9B552E75971B}"
EndProject
Global
	GlobalSection(SolutionConfigurationPlatforms) = preSolution
		Debug|Any CPU = Debug|Any CPU
		Debug|ARM = Debug|ARM
		Debug|iPhone = Debug|iPhone
		Debug|iPhoneSimulator = Debug|iPhoneSimulator
		Debug|x64 = Debug|x64
		Debug|x86 = Debug|x86
		Release|Any CPU = Release|Any CPU
		Release|ARM = Release|ARM
		Release|iPhone = Release|iPhone
		Release|iPhoneSimulator = Release|iPhoneSimulator
		Release|x64 = Release|x64
		Release|x86 = Release|x86
	EndGlobalSection
	GlobalSection(ProjectConfigurationPlatforms) = postSolution
		{D38DF9A0-67B4-46FB-A5F6-87571BDC7C87}.Debug|Any CPU.ActiveCfg = Debug|Any CPU
		{D38DF9A0-67B4-46FB-A5F6-87571BDC7C87}.Debug|Any CPU.Build.0 = Debug|Any CPU
		{D38DF9A0-67B4-46FB-A5F6-87571BDC7C87}.Debug|ARM.ActiveCfg = Debug|Any CPU
		{D38DF9A0-67B4-46FB-A5F6-87571BDC7C87}.Debug|ARM.Build.0 = Debug|Any CPU
		{D38DF9A0-67B4-46FB-A5F6-87571BDC7C87}.Debug|iPhone.ActiveCfg = Debug|Any CPU
		{D38DF9A0-67B4-46FB-A5F6-87571BDC7C87}.Debug|iPhone.Build.0 = Debug|Any CPU
		{D38DF9A0-67B4-46FB-A5F6-87571BDC7C87}.Debug|iPhoneSimulator.ActiveCfg = Debug|Any CPU
		{D38DF9A0-67B4-46FB-A5F6-87571BDC7C87}.Debug|iPhoneSimulator.Build.0 = Debug|Any CPU
		{D38DF9A0-67B4-46FB-A5F6-87571BDC7C87}.Debug|x64.ActiveCfg = Debug|Any CPU
		{D38DF9A0-67B4-46FB-A5F6-87571BDC7C87}.Debug|x64.Build.0 = Debug|Any CPU
		{D38DF9A0-67B4-46FB-A5F6-87571BDC7C87}.Debug|x86.ActiveCfg = Debug|Any CPU
		{D38DF9A0-67B4-46FB-A5F6-87571BDC7C87}.Debug|x86.Build.0 = Debug|Any CPU
		{D38DF9A0-67B4-46FB-A5F6-87571BDC7C87}.Release|Any CPU.ActiveCfg = Release|Any CPU
		{D38DF9A0-67B4-46FB-A5F6-87571BDC7C87}.Release|Any CPU.Build.0 = Release|Any CPU
		{D38DF9A0-67B4-46FB-A5F6-87571BDC7C87}.Release|ARM.ActiveCfg = Release|Any CPU
		{D38DF9A0-67B4-46FB-A5F6-87571BDC7C87}.Release|ARM.Build.0 = Release|Any CPU
		{D38DF9A0-67B4-46FB-A5F6-87571BDC7C87}.Release|iPhone.ActiveCfg = Release|Any CPU
		{D38DF9A0-67B4-46FB-A5F6-87571BDC7C87}.Release|iPhone.Build.0 = Release|Any CPU
		{D38DF9A0-67B4-46FB-A5F6-87571BDC7C87}.Release|iPhoneSimulator.ActiveCfg = Release|Any CPU
		{D38DF9A0-67B4-46FB-A5F6-87571BDC7C87}.Release|iPhoneSimulator.Build.0 = Release|Any CPU
		{D38DF9A0-67B4-46FB-A5F6-87571BDC7C87}.Release|x64.ActiveCfg = Release|Any CPU
		{D38DF9A0-67B4-46FB-A5F6-87571BDC7C87}.Release|x64.Build.0 = Release|Any CPU
		{D38DF9A0-67B4-46FB-A5F6-87571BDC7C87}.Release|x86.ActiveCfg = Release|Any CPU
		{D38DF9A0-67B4-46FB-A5F6-87571BDC7C87}.Release|x86.Build.0 = Release|Any CPU
		{3822163A-5FBA-40FE-B9B7-8D1EA7FB417A}.Debug|Any CPU.ActiveCfg = Debug|x86
		{3822163A-5FBA-40FE-B9B7-8D1EA7FB417A}.Debug|ARM.ActiveCfg = Debug|ARM
		{3822163A-5FBA-40FE-B9B7-8D1EA7FB417A}.Debug|ARM.Build.0 = Debug|ARM
		{3822163A-5FBA-40FE-B9B7-8D1EA7FB417A}.Debug|ARM.Deploy.0 = Debug|ARM
		{3822163A-5FBA-40FE-B9B7-8D1EA7FB417A}.Debug|iPhone.ActiveCfg = Debug|x86
		{3822163A-5FBA-40FE-B9B7-8D1EA7FB417A}.Debug|iPhoneSimulator.ActiveCfg = Debug|x86
		{3822163A-5FBA-40FE-B9B7-8D1EA7FB417A}.Debug|x64.ActiveCfg = Debug|x64
		{3822163A-5FBA-40FE-B9B7-8D1EA7FB417A}.Debug|x64.Build.0 = Debug|x64
		{3822163A-5FBA-40FE-B9B7-8D1EA7FB417A}.Debug|x64.Deploy.0 = Debug|x64
		{3822163A-5FBA-40FE-B9B7-8D1EA7FB417A}.Debug|x86.ActiveCfg = Debug|x86
		{3822163A-5FBA-40FE-B9B7-8D1EA7FB417A}.Debug|x86.Build.0 = Debug|x86
		{3822163A-5FBA-40FE-B9B7-8D1EA7FB417A}.Debug|x86.Deploy.0 = Debug|x86
		{3822163A-5FBA-40FE-B9B7-8D1EA7FB417A}.Release|Any CPU.ActiveCfg = Release|x86
		{3822163A-5FBA-40FE-B9B7-8D1EA7FB417A}.Release|ARM.ActiveCfg = Release|ARM
		{3822163A-5FBA-40FE-B9B7-8D1EA7FB417A}.Release|ARM.Build.0 = Release|ARM
		{3822163A-5FBA-40FE-B9B7-8D1EA7FB417A}.Release|ARM.Deploy.0 = Release|ARM
		{3822163A-5FBA-40FE-B9B7-8D1EA7FB417A}.Release|iPhone.ActiveCfg = Release|x86
		{3822163A-5FBA-40FE-B9B7-8D1EA7FB417A}.Release|iPhoneSimulator.ActiveCfg = Release|x86
		{3822163A-5FBA-40FE-B9B7-8D1EA7FB417A}.Release|x64.ActiveCfg = Release|x64
		{3822163A-5FBA-40FE-B9B7-8D1EA7FB417A}.Release|x64.Build.0 = Release|x64
		{3822163A-5FBA-40FE-B9B7-8D1EA7FB417A}.Release|x64.Deploy.0 = Release|x64
		{3822163A-5FBA-40FE-B9B7-8D1EA7FB417A}.Release|x86.ActiveCfg = Release|x86
		{3822163A-5FBA-40FE-B9B7-8D1EA7FB417A}.Release|x86.Build.0 = Release|x86
		{3822163A-5FBA-40FE-B9B7-8D1EA7FB417A}.Release|x86.Deploy.0 = Release|x86
		{A9E845C9-D94E-47CC-8231-B81AD0552A7D}.Debug|Any CPU.ActiveCfg = Debug|Any CPU
		{A9E845C9-D94E-47CC-8231-B81AD0552A7D}.Debug|Any CPU.Build.0 = Debug|Any CPU
		{A9E845C9-D94E-47CC-8231-B81AD0552A7D}.Debug|Any CPU.Deploy.0 = Debug|Any CPU
		{A9E845C9-D94E-47CC-8231-B81AD0552A7D}.Debug|ARM.ActiveCfg = Debug|Any CPU
		{A9E845C9-D94E-47CC-8231-B81AD0552A7D}.Debug|ARM.Build.0 = Debug|Any CPU
		{A9E845C9-D94E-47CC-8231-B81AD0552A7D}.Debug|ARM.Deploy.0 = Debug|Any CPU
		{A9E845C9-D94E-47CC-8231-B81AD0552A7D}.Debug|iPhone.ActiveCfg = Debug|Any CPU
		{A9E845C9-D94E-47CC-8231-B81AD0552A7D}.Debug|iPhone.Build.0 = Debug|Any CPU
		{A9E845C9-D94E-47CC-8231-B81AD0552A7D}.Debug|iPhone.Deploy.0 = Debug|Any CPU
		{A9E845C9-D94E-47CC-8231-B81AD0552A7D}.Debug|iPhoneSimulator.ActiveCfg = Debug|Any CPU
		{A9E845C9-D94E-47CC-8231-B81AD0552A7D}.Debug|iPhoneSimulator.Build.0 = Debug|Any CPU
		{A9E845C9-D94E-47CC-8231-B81AD0552A7D}.Debug|iPhoneSimulator.Deploy.0 = Debug|Any CPU
		{A9E845C9-D94E-47CC-8231-B81AD0552A7D}.Debug|x64.ActiveCfg = Debug|Any CPU
		{A9E845C9-D94E-47CC-8231-B81AD0552A7D}.Debug|x64.Build.0 = Debug|Any CPU
		{A9E845C9-D94E-47CC-8231-B81AD0552A7D}.Debug|x64.Deploy.0 = Debug|Any CPU
		{A9E845C9-D94E-47CC-8231-B81AD0552A7D}.Debug|x86.ActiveCfg = Debug|Any CPU
		{A9E845C9-D94E-47CC-8231-B81AD0552A7D}.Debug|x86.Build.0 = Debug|Any CPU
		{A9E845C9-D94E-47CC-8231-B81AD0552A7D}.Debug|x86.Deploy.0 = Debug|Any CPU
		{A9E845C9-D94E-47CC-8231-B81AD0552A7D}.Release|Any CPU.ActiveCfg = Release|Any CPU
		{A9E845C9-D94E-47CC-8231-B81AD0552A7D}.Release|Any CPU.Build.0 = Release|Any CPU
		{A9E845C9-D94E-47CC-8231-B81AD0552A7D}.Release|Any CPU.Deploy.0 = Release|Any CPU
		{A9E845C9-D94E-47CC-8231-B81AD0552A7D}.Release|ARM.ActiveCfg = Release|Any CPU
		{A9E845C9-D94E-47CC-8231-B81AD0552A7D}.Release|ARM.Build.0 = Release|Any CPU
		{A9E845C9-D94E-47CC-8231-B81AD0552A7D}.Release|ARM.Deploy.0 = Release|Any CPU
		{A9E845C9-D94E-47CC-8231-B81AD0552A7D}.Release|iPhone.ActiveCfg = Release|Any CPU
		{A9E845C9-D94E-47CC-8231-B81AD0552A7D}.Release|iPhone.Build.0 = Release|Any CPU
		{A9E845C9-D94E-47CC-8231-B81AD0552A7D}.Release|iPhone.Deploy.0 = Release|Any CPU
		{A9E845C9-D94E-47CC-8231-B81AD0552A7D}.Release|iPhoneSimulator.ActiveCfg = Release|Any CPU
		{A9E845C9-D94E-47CC-8231-B81AD0552A7D}.Release|iPhoneSimulator.Build.0 = Release|Any CPU
		{A9E845C9-D94E-47CC-8231-B81AD0552A7D}.Release|iPhoneSimulator.Deploy.0 = Release|Any CPU
		{A9E845C9-D94E-47CC-8231-B81AD0552A7D}.Release|x64.ActiveCfg = Release|Any CPU
		{A9E845C9-D94E-47CC-8231-B81AD0552A7D}.Release|x64.Build.0 = Release|Any CPU
		{A9E845C9-D94E-47CC-8231-B81AD0552A7D}.Release|x64.Deploy.0 = Release|Any CPU
		{A9E845C9-D94E-47CC-8231-B81AD0552A7D}.Release|x86.ActiveCfg = Release|Any CPU
		{A9E845C9-D94E-47CC-8231-B81AD0552A7D}.Release|x86.Build.0 = Release|Any CPU
		{A9E845C9-D94E-47CC-8231-B81AD0552A7D}.Release|x86.Deploy.0 = Release|Any CPU
		{28A41919-A2A0-4447-944C-3FA30A37B6F2}.Debug|Any CPU.ActiveCfg = Debug|iPhoneSimulator
		{28A41919-A2A0-4447-944C-3FA30A37B6F2}.Debug|ARM.ActiveCfg = Debug|iPhoneSimulator
		{28A41919-A2A0-4447-944C-3FA30A37B6F2}.Debug|iPhone.ActiveCfg = Debug|iPhone
		{28A41919-A2A0-4447-944C-3FA30A37B6F2}.Debug|iPhone.Build.0 = Debug|iPhone
		{28A41919-A2A0-4447-944C-3FA30A37B6F2}.Debug|iPhoneSimulator.ActiveCfg = Debug|iPhoneSimulator
		{28A41919-A2A0-4447-944C-3FA30A37B6F2}.Debug|iPhoneSimulator.Build.0 = Debug|iPhoneSimulator
		{28A41919-A2A0-4447-944C-3FA30A37B6F2}.Debug|x64.ActiveCfg = Debug|iPhoneSimulator
		{28A41919-A2A0-4447-944C-3FA30A37B6F2}.Debug|x86.ActiveCfg = Debug|iPhoneSimulator
		{28A41919-A2A0-4447-944C-3FA30A37B6F2}.Release|Any CPU.ActiveCfg = Release|iPhoneSimulator
		{28A41919-A2A0-4447-944C-3FA30A37B6F2}.Release|ARM.ActiveCfg = Release|iPhoneSimulator
		{28A41919-A2A0-4447-944C-3FA30A37B6F2}.Release|iPhone.ActiveCfg = Release|iPhone
		{28A41919-A2A0-4447-944C-3FA30A37B6F2}.Release|iPhone.Build.0 = Release|iPhone
		{28A41919-A2A0-4447-944C-3FA30A37B6F2}.Release|iPhoneSimulator.ActiveCfg = Release|iPhoneSimulator
		{28A41919-A2A0-4447-944C-3FA30A37B6F2}.Release|iPhoneSimulator.Build.0 = Release|iPhoneSimulator
		{28A41919-A2A0-4447-944C-3FA30A37B6F2}.Release|x64.ActiveCfg = Release|iPhoneSimulator
		{28A41919-A2A0-4447-944C-3FA30A37B6F2}.Release|x86.ActiveCfg = Release|iPhoneSimulator
		{00E0F10D-0AEC-4729-8615-9B552E75971B}.Debug|Any CPU.ActiveCfg = Debug|Any CPU
		{00E0F10D-0AEC-4729-8615-9B552E75971B}.Debug|Any CPU.Build.0 = Debug|Any CPU
		{00E0F10D-0AEC-4729-8615-9B552E75971B}.Debug|ARM.ActiveCfg = Debug|Any CPU
		{00E0F10D-0AEC-4729-8615-9B552E75971B}.Debug|ARM.Build.0 = Debug|Any CPU
		{00E0F10D-0AEC-4729-8615-9B552E75971B}.Debug|iPhone.ActiveCfg = Debug|Any CPU
		{00E0F10D-0AEC-4729-8615-9B552E75971B}.Debug|iPhone.Build.0 = Debug|Any CPU
		{00E0F10D-0AEC-4729-8615-9B552E75971B}.Debug|iPhoneSimulator.ActiveCfg = Debug|Any CPU
		{00E0F10D-0AEC-4729-8615-9B552E75971B}.Debug|iPhoneSimulator.Build.0 = Debug|Any CPU
		{00E0F10D-0AEC-4729-8615-9B552E75971B}.Debug|x64.ActiveCfg = Debug|Any CPU
		{00E0F10D-0AEC-4729-8615-9B552E75971B}.Debug|x64.Build.0 = Debug|Any CPU
		{00E0F10D-0AEC-4729-8615-9B552E75971B}.Debug|x86.ActiveCfg = Debug|Any CPU
		{00E0F10D-0AEC-4729-8615-9B552E75971B}.Debug|x86.Build.0 = Debug|Any CPU
		{00E0F10D-0AEC-4729-8615-9B552E75971B}.Release|Any CPU.ActiveCfg = Release|Any CPU
		{00E0F10D-0AEC-4729-8615-9B552E75971B}.Release|Any CPU.Build.0 = Release|Any CPU
		{00E0F10D-0AEC-4729-8615-9B552E75971B}.Release|ARM.ActiveCfg = Release|Any CPU
		{00E0F10D-0AEC-4729-8615-9B552E75971B}.Release|ARM.Build.0 = Release|Any CPU
		{00E0F10D-0AEC-4729-8615-9B552E75971B}.Release|iPhone.ActiveCfg = Release|Any CPU
		{00E0F10D-0AEC-4729-8615-9B552E75971B}.Release|iPhone.Build.0 = Release|Any CPU
		{00E0F10D-0AEC-4729-8615-9B552E75971B}.Release|iPhoneSimulator.ActiveCfg = Release|Any CPU
		{00E0F10D-0AEC-4729-8615-9B552E75971B}.Release|iPhoneSimulator.Build.0 = Release|Any CPU
		{00E0F10D-0AEC-4729-8615-9B552E75971B}.Release|x64.ActiveCfg = Release|Any CPU
		{00E0F10D-0AEC-4729-8615-9B552E75971B}.Release|x64.Build.0 = Release|Any CPU
		{00E0F10D-0AEC-4729-8615-9B552E75971B}.Release|x86.ActiveCfg = Release|Any CPU
		{00E0F10D-0AEC-4729-8615-9B552E75971B}.Release|x86.Build.0 = Release|Any CPU
	EndGlobalSection
	GlobalSection(SolutionProperties) = preSolution
		HideSolutionNode = FALSE
	EndGlobalSection
	GlobalSection(NestedProjects) = preSolution
		{3822163A-5FBA-40FE-B9B7-8D1EA7FB417A} = {19438041-400C-4CDD-9721-5E4556E3C6FE}
		{A9E845C9-D94E-47CC-8231-B81AD0552A7D} = {19438041-400C-4CDD-9721-5E4556E3C6FE}
		{28A41919-A2A0-4447-944C-3FA30A37B6F2} = {19438041-400C-4CDD-9721-5E4556E3C6FE}
		{00E0F10D-0AEC-4729-8615-9B552E75971B} = {19438041-400C-4CDD-9721-5E4556E3C6FE}
	EndGlobalSection
	GlobalSection(ExtensibilityGlobals) = postSolution
		SolutionGuid = {0A1CA8A2-C8EB-4AE8-B638-989BAE47241D}
	EndGlobalSection
EndGlobal
